
Microsoft Visual Studio Solution File, Format Version 12.00
# Visual Studio Version 16
VisualStudioVersion = 16.0.30717.126
MinimumVisualStudioVersion = 10.0.40219.1
Project("{FAE04EC0-301F-11D3-BF4B-00C04F79EFBC}") = "Carrera", "EjerciciosDeExamen\Carrera.csproj", "{887BAABE-BDC7-43C8-AFD2-A4C0290A063C}"
EndProject
Project("{FAE04EC0-301F-11D3-BF4B-00C04F79EFBC}") = "Tortillas", "Tortillas\Tortillas.csproj", "{B402ECCB-E140-43EA-B859-3983E2F55AF8}"
EndProject
Project("{FAE04EC0-301F-11D3-BF4B-00C04F79EFBC}") = "Ejercicio5Timer", "Ejercicio5Timer\Ejercicio5Timer.csproj", "{62C31FF8-A4D1-4EF8-BDF8-C54BE83E904C}"
EndProject
Global
	GlobalSection(SolutionConfigurationPlatforms) = preSolution
		Debug|Any CPU = Debug|Any CPU
		Release|Any CPU = Release|Any CPU
	EndGlobalSection
	GlobalSection(ProjectConfigurationPlatforms) = postSolution
		{887BAABE-BDC7-43C8-AFD2-A4C0290A063C}.Debug|Any CPU.ActiveCfg = Debug|Any CPU
		{887BAABE-BDC7-43C8-AFD2-A4C0290A063C}.Debug|Any CPU.Build.0 = Debug|Any CPU
		{887BAABE-BDC7-43C8-AFD2-A4C0290A063C}.Release|Any CPU.ActiveCfg = Release|Any CPU
		{887BAABE-BDC7-43C8-AFD2-A4C0290A063C}.Release|Any CPU.Build.0 = Release|Any CPU
		{B402ECCB-E140-43EA-B859-3983E2F55AF8}.Debug|Any CPU.ActiveCfg = Debug|Any CPU
		{B402ECCB-E140-43EA-B859-3983E2F55AF8}.Debug|Any CPU.Build.0 = Debug|Any CPU
		{B402ECCB-E140-43EA-B859-3983E2F55AF8}.Release|Any CPU.ActiveCfg = Release|Any CPU
		{B402ECCB-E140-43EA-B859-3983E2F55AF8}.Release|Any CPU.Build.0 = Release|Any CPU
		{62C31FF8-A4D1-4EF8-BDF8-C54BE83E904C}.Debug|Any CPU.ActiveCfg = Debug|Any CPU
		{62C31FF8-A4D1-4EF8-BDF8-C54BE83E904C}.Debug|Any CPU.Build.0 = Debug|Any CPU
		{62C31FF8-A4D1-4EF8-BDF8-C54BE83E904C}.Release|Any CPU.ActiveCfg = Release|Any CPU
		{62C31FF8-A4D1-4EF8-BDF8-C54BE83E904C}.Release|Any CPU.Build.0 = Release|Any CPU
	EndGlobalSection
	GlobalSection(SolutionProperties) = preSolution
		HideSolutionNode = FALSE
	EndGlobalSection
	GlobalSection(ExtensibilityGlobals) = postSolution
		SolutionGuid = {7A222E95-E720-4A5A-8A30-8988F389AAC7}
	EndGlobalSection
EndGlobal
